// !$*UTF8*$!
{
	archiveVersion = 1;
	classes = {
	};
	objectVersion = 46;
	objects = {

/* Begin PBXBuildFile section */
		849861331F7B6D0300DD8BA0 /* WKSimpleButton.m in Sources */ = {isa = PBXBuildFile; fileRef = 8498612E1F7B6CF000DD8BA0 /* WKSimpleButton.m */; };
		849861341F7B6D0500DD8BA0 /* WKSimpleButtonStateModel.m in Sources */ = {isa = PBXBuildFile; fileRef = 849861301F7B6CF000DD8BA0 /* WKSimpleButtonStateModel.m */; };
		84C7DA1E1F45868D0016EE57 /* main.m in Sources */ = {isa = PBXBuildFile; fileRef = 84C7DA1D1F45868D0016EE57 /* main.m */; };
		84C7DA211F45868D0016EE57 /* AppDelegate.m in Sources */ = {isa = PBXBuildFile; fileRef = 84C7DA201F45868D0016EE57 /* AppDelegate.m */; };
		84C7DA241F45868D0016EE57 /* ViewController.m in Sources */ = {isa = PBXBuildFile; fileRef = 84C7DA231F45868D0016EE57 /* ViewController.m */; };
		84C7DA271F45868D0016EE57 /* Main.storyboard in Resources */ = {isa = PBXBuildFile; fileRef = 84C7DA251F45868D0016EE57 /* Main.storyboard */; };
		84C7DA291F45868D0016EE57 /* Assets.xcassets in Resources */ = {isa = PBXBuildFile; fileRef = 84C7DA281F45868D0016EE57 /* Assets.xcassets */; };
		84C7DA2C1F45868D0016EE57 /* LaunchScreen.storyboard in Resources */ = {isa = PBXBuildFile; fileRef = 84C7DA2A1F45868D0016EE57 /* LaunchScreen.storyboard */; };
		F8F8EC6E0CA14AF6E33A0944 /* Pods_WKSimpleButtonDemo.framework in Frameworks */ = {isa = PBXBuildFile; fileRef = 1D9D9A0C86EA7F70472C25E4 /* Pods_WKSimpleButtonDemo.framework */; };
/* End PBXBuildFile section */

/* Begin PBXFileReference section */
		1D9D9A0C86EA7F70472C25E4 /* Pods_WKSimpleButtonDemo.framework */ = {isa = PBXFileReference; explicitFileType = wrapper.framework; includeInIndex = 0; path = Pods_WKSimpleButtonDemo.framework; sourceTree = BUILT_PRODUCTS_DIR; };
		6825B67DDD436C0BFF068F7B /* Pods-WKSimpleButtonDemo.release.xcconfig */ = {isa = PBXFileReference; includeInIndex = 1; lastKnownFileType = text.xcconfig; name = "Pods-WKSimpleButtonDemo.release.xcconfig"; path = "Pods/Target Support Files/Pods-WKSimpleButtonDemo/Pods-WKSimpleButtonDemo.release.xcconfig"; sourceTree = "<group>"; };
		69B7DC7CFDE7B23876E23486 /* Pods-WKSimpleButtonDemo.debug.xcconfig */ = {isa = PBXFileReference; includeInIndex = 1; lastKnownFileType = text.xcconfig; name = "Pods-WKSimpleButtonDemo.debug.xcconfig"; path = "Pods/Target Support Files/Pods-WKSimpleButtonDemo/Pods-WKSimpleButtonDemo.debug.xcconfig"; sourceTree = "<group>"; };
		8498612D1F7B6CF000DD8BA0 /* WKSimpleButton.h */ = {isa = PBXFileReference; lastKnownFileType = sourcecode.c.h; path = WKSimpleButton.h; sourceTree = "<group>"; };
		8498612E1F7B6CF000DD8BA0 /* WKSimpleButton.m */ = {isa = PBXFileReference; lastKnownFileType = sourcecode.c.objc; path = WKSimpleButton.m; sourceTree = "<group>"; };
		8498612F1F7B6CF000DD8BA0 /* WKSimpleButtonStateModel.h */ = {isa = PBXFileReference; lastKnownFileType = sourcecode.c.h; path = WKSimpleButtonStateModel.h; sourceTree = "<group>"; };
		849861301F7B6CF000DD8BA0 /* WKSimpleButtonStateModel.m */ = {isa = PBXFileReference; lastKnownFileType = sourcecode.c.objc; path = WKSimpleButtonStateModel.m; sourceTree = "<group>"; };
		84C7DA191F45868D0016EE57 /* WKSimpleButtonDemo.app */ = {isa = PBXFileReference; explicitFileType = wrapper.application; includeInIndex = 0; path = WKSimpleButtonDemo.app; sourceTree = BUILT_PRODUCTS_DIR; };
		84C7DA1D1F45868D0016EE57 /* main.m */ = {isa = PBXFileReference; lastKnownFileType = sourcecode.c.objc; path = main.m; sourceTree = "<group>"; };
		84C7DA1F1F45868D0016EE57 /* AppDelegate.h */ = {isa = PBXFileReference; lastKnownFileType = sourcecode.c.h; path = AppDelegate.h; sourceTree = "<group>"; };
		84C7DA201F45868D0016EE57 /* AppDelegate.m */ = {isa = PBXFileReference; lastKnownFileType = sourcecode.c.objc; path = AppDelegate.m; sourceTree = "<group>"; };
		84C7DA221F45868D0016EE57 /* ViewController.h */ = {isa = PBXFileReference; lastKnownFileType = sourcecode.c.h; path = ViewController.h; sourceTree = "<group>"; };
		84C7DA231F45868D0016EE57 /* ViewController.m */ = {isa = PBXFileReference; lastKnownFileType = sourcecode.c.objc; path = ViewController.m; sourceTree = "<group>"; };
		84C7DA261F45868D0016EE57 /* Base */ = {isa = PBXFileReference; lastKnownFileType = file.storyboard; name = Base; path = Base.lproj/Main.storyboard; sourceTree = "<group>"; };
		84C7DA281F45868D0016EE57 /* Assets.xcassets */ = {isa = PBXFileReference; lastKnownFileType = folder.assetcatalog; path = Assets.xcassets; sourceTree = "<group>"; };
		84C7DA2B1F45868D0016EE57 /* Base */ = {isa = PBXFileReference; lastKnownFileType = file.storyboard; name = Base; path = Base.lproj/LaunchScreen.storyboard; sourceTree = "<group>"; };
		84C7DA2D1F45868D0016EE57 /* Info.plist */ = {isa = PBXFileReference; lastKnownFileType = text.plist.xml; path = Info.plist; sourceTree = "<group>"; };
/* End PBXFileReference section */

/* Begin PBXFrameworksBuildPhase section */
		84C7DA161F45868D0016EE57 /* Frameworks */ = {
			isa = PBXFrameworksBuildPhase;
			buildActionMask = 2147483647;
			files = (
				F8F8EC6E0CA14AF6E33A0944 /* Pods_WKSimpleButtonDemo.framework in Frameworks */,
			);
			runOnlyForDeploymentPostprocessing = 0;
		};
/* End PBXFrameworksBuildPhase section */

/* Begin PBXGroup section */
		8498612C1F7B6CF000DD8BA0 /* WKSimpleButton */ = {
			isa = PBXGroup;
			children = (
				8498612D1F7B6CF000DD8BA0 /* WKSimpleButton.h */,
				8498612E1F7B6CF000DD8BA0 /* WKSimpleButton.m */,
				8498612F1F7B6CF000DD8BA0 /* WKSimpleButtonStateModel.h */,
				849861301F7B6CF000DD8BA0 /* WKSimpleButtonStateModel.m */,
			);
			name = WKSimpleButton;
			path = ../../WKSimpleButton;
			sourceTree = "<group>";
		};
		84C7DA101F45868D0016EE57 = {
			isa = PBXGroup;
			children = (
				84C7DA1B1F45868D0016EE57 /* WKSimpleButtonDemo */,
				84C7DA1A1F45868D0016EE57 /* Products */,
				C42134F380645F9CDDD38DBE /* Pods */,
				B04EF1985D2C2AA6567C66AC /* Frameworks */,
			);
			sourceTree = "<group>";
		};
		84C7DA1A1F45868D0016EE57 /* Products */ = {
			isa = PBXGroup;
			children = (
				84C7DA191F45868D0016EE57 /* WKSimpleButtonDemo.app */,
			);
			name = Products;
			sourceTree = "<group>";
		};
		84C7DA1B1F45868D0016EE57 /* WKSimpleButtonDemo */ = {
			isa = PBXGroup;
			children = (
				8498612C1F7B6CF000DD8BA0 /* WKSimpleButton */,
				84C7DA1F1F45868D0016EE57 /* AppDelegate.h */,
				84C7DA201F45868D0016EE57 /* AppDelegate.m */,
				84C7DA221F45868D0016EE57 /* ViewController.h */,
				84C7DA231F45868D0016EE57 /* ViewController.m */,
				84C7DA251F45868D0016EE57 /* Main.storyboard */,
				84C7DA281F45868D0016EE57 /* Assets.xcassets */,
				84C7DA2A1F45868D0016EE57 /* LaunchScreen.storyboard */,
				84C7DA2D1F45868D0016EE57 /* Info.plist */,
				84C7DA1C1F45868D0016EE57 /* Supporting Files */,
			);
			path = WKSimpleButtonDemo;
			sourceTree = "<group>";
		};
		84C7DA1C1F45868D0016EE57 /* Supporting Files */ = {
			isa = PBXGroup;
			children = (
				84C7DA1D1F45868D0016EE57 /* main.m */,
			);
			name = "Supporting Files";
			sourceTree = "<group>";
		};
		B04EF1985D2C2AA6567C66AC /* Frameworks */ = {
			isa = PBXGroup;
			children = (
				1D9D9A0C86EA7F70472C25E4 /* Pods_WKSimpleButtonDemo.framework */,
			);
			name = Frameworks;
			sourceTree = "<group>";
		};
		C42134F380645F9CDDD38DBE /* Pods */ = {
			isa = PBXGroup;
			children = (
				69B7DC7CFDE7B23876E23486 /* Pods-WKSimpleButtonDemo.debug.xcconfig */,
				6825B67DDD436C0BFF068F7B /* Pods-WKSimpleButtonDemo.release.xcconfig */,
			);
			name = Pods;
			sourceTree = "<group>";
		};
/* End PBXGroup section */

/* Begin PBXNativeTarget section */
		84C7DA181F45868D0016EE57 /* WKSimpleButtonDemo */ = {
			isa = PBXNativeTarget;
			buildConfigurationList = 84C7DA301F45868D0016EE57 /* Build configuration list for PBXNativeTarget "WKSimpleButtonDemo" */;
			buildPhases = (
				2D0099525EE50529B306A530 /* [CP] Check Pods Manifest.lock */,
				84C7DA151F45868D0016EE57 /* Sources */,
				84C7DA161F45868D0016EE57 /* Frameworks */,
				84C7DA171F45868D0016EE57 /* Resources */,
				819DD9940115C459693856F6 /* [CP] Embed Pods Frameworks */,
				D231DE668DB2ED29C73124CD /* [CP] Copy Pods Resources */,
			);
			buildRules = (
			);
			dependencies = (
			);
			name = WKSimpleButtonDemo;
			productName = WKSimpleButtonDemo;
			productReference = 84C7DA191F45868D0016EE57 /* WKSimpleButtonDemo.app */;
			productType = "com.apple.product-type.application";
		};
/* End PBXNativeTarget section */

/* Begin PBXProject section */
		84C7DA111F45868D0016EE57 /* Project object */ = {
			isa = PBXProject;
			attributes = {
				LastUpgradeCheck = 0830;
				ORGANIZATIONNAME = juyuanGroup;
				TargetAttributes = {
					84C7DA181F45868D0016EE57 = {
						CreatedOnToolsVersion = 8.3.3;
						DevelopmentTeam = GWCP73NNJ9;
						ProvisioningStyle = Automatic;
					};
				};
			};
			buildConfigurationList = 84C7DA141F45868D0016EE57 /* Build configuration list for PBXProject "WKSimpleButtonDemo" */;
			compatibilityVersion = "Xcode 3.2";
			developmentRegion = English;
			hasScannedForEncodings = 0;
			knownRegions = (
				en,
				Base,
			);
			mainGroup = 84C7DA101F45868D0016EE57;
			productRefGroup = 84C7DA1A1F45868D0016EE57 /* Products */;
			projectDirPath = "";
			projectRoot = "";
			targets = (
				84C7DA181F45868D0016EE57 /* WKSimpleButtonDemo */,
			);
		};
/* End PBXProject section */

/* Begin PBXResourcesBuildPhase section */
		84C7DA171F45868D0016EE57 /* Resources */ = {
			isa = PBXResourcesBuildPhase;
			buildActionMask = 2147483647;
			files = (
				84C7DA2C1F45868D0016EE57 /* LaunchScreen.storyboard in Resources */,
				84C7DA291F45868D0016EE57 /* Assets.xcassets in Resources */,
				84C7DA271F45868D0016EE57 /* Main.storyboard in Resources */,
			);
			runOnlyForDeploymentPostprocessing = 0;
		};
/* End PBXResourcesBuildPhase section */

/* Begin PBXShellScriptBuildPhase section */
		2D0099525EE50529B306A530 /* [CP] Check Pods Manifest.lock */ = {
			isa = PBXShellScriptBuildPhase;
			buildActionMask = 2147483647;
			files = (
			);
			inputPaths = (
			);
			name = "[CP] Check Pods Manifest.lock";
			outputPaths = (
			);
			runOnlyForDeploymentPostprocessing = 0;
			shellPath = /bin/sh;
			shellScript = "diff \"${PODS_ROOT}/../Podfile.lock\" \"${PODS_ROOT}/Manifest.lock\" > /dev/null\nif [ $? != 0 ] ; then\n    # print error to STDERR\n    echo \"error: The sandbox is not in sync with the Podfile.lock. Run 'pod install' or update your CocoaPods installation.\" >&2\n    exit 1\nfi\n";
			showEnvVarsInLog = 0;
		};
		819DD9940115C459693856F6 /* [CP] Embed Pods Frameworks */ = {
			isa = PBXShellScriptBuildPhase;
			buildActionMask = 2147483647;
			files = (
			);
			inputPaths = (
			);
			name = "[CP] Embed Pods Frameworks";
			outputPaths = (
			);
			runOnlyForDeploymentPostprocessing = 0;
			shellPath = /bin/sh;
			shellScript = "\"${SRCROOT}/Pods/Target Support Files/Pods-WKSimpleButtonDemo/Pods-WKSimpleButtonDemo-frameworks.sh\"\n";
			showEnvVarsInLog = 0;
		};
		D231DE668DB2ED29C73124CD /* [CP] Copy Pods Resources */ = {
			isa = PBXShellScriptBuildPhase;
			buildActionMask = 2147483647;
			files = (
			);
			inputPaths = (
			);
			name = "[CP] Copy Pods Resources";
			outputPaths = (
			);
			runOnlyForDeploymentPostprocessing = 0;
			shellPath = /bin/sh;
			shellScript = "\"${SRCROOT}/Pods/Target Support Files/Pods-WKSimpleButtonDemo/Pods-WKSimpleButtonDemo-resources.sh\"\n";
			showEnvVarsInLog = 0;
		};
/* End PBXShellScriptBuildPhase section */

/* Begin PBXSourcesBuildPhase section */
		84C7DA151F45868D0016EE57 /* Sources */ = {
			isa = PBXSourcesBuildPhase;
			buildActionMask = 2147483647;
			files = (
				849861341F7B6D0500DD8BA0 /* WKSimpleButtonStateModel.m in Sources */,
				849861331F7B6D0300DD8BA0 /* WKSimpleButton.m in Sources */,
				84C7DA241F45868D0016EE57 /* ViewController.m in Sources */,
				84C7DA211F45868D0016EE57 /* AppDelegate.m in Sources */,
				84C7DA1E1F45868D0016EE57 /* main.m in Sources */,
			);
			runOnlyForDeploymentPostprocessing = 0;
		};
/* End PBXSourcesBuildPhase section */

/* Begin PBXVariantGroup section */
		84C7DA251F45868D0016EE57 /* Main.storyboard */ = {
			isa = PBXVariantGroup;
			children = (
				84C7DA261F45868D0016EE57 /* Base */,
			);
			name = Main.storyboard;
			sourceTree = "<group>";
		};
		84C7DA2A1F45868D0016EE57 /* LaunchScreen.storyboard */ = {
			isa = PBXVariantGroup;
			children = (
				84C7DA2B1F45868D0016EE57 /* Base */,
			);
			name = LaunchScreen.storyboard;
			sourceTree = "<group>";
		};
/* End PBXVariantGroup section */

/* Begin XCBuildConfiguration section */
		84C7DA2E1F45868D0016EE57 /* Debug */ = {
			isa = XCBuildConfiguration;
			buildSettings = {
				ALWAYS_SEARCH_USER_PATHS = NO;
				CLANG_ANALYZER_NONNULL = YES;
				CLANG_ANALYZER_NUMBER_OBJECT_CONVERSION = YES_AGGRESSIVE;
				CLANG_CXX_LANGUAGE_STANDARD = "gnu++0x";
				CLANG_CXX_LIBRARY = "libc++";
				CLANG_ENABLE_MODULES = YES;
				CLANG_ENABLE_OBJC_ARC = YES;
				CLANG_WARN_BOOL_CONVERSION = YES;
				CLANG_WARN_CONSTANT_CONVERSION = YES;
				CLANG_WARN_DIRECT_OBJC_ISA_USAGE = YES_ERROR;
				CLANG_WARN_DOCUMENTATION_COMMENTS = YES;
				CLANG_WARN_EMPTY_BODY = YES;
				CLANG_WARN_ENUM_CONVERSION = YES;
				CLANG_WARN_INFINITE_RECURSION = YES;
				CLANG_WARN_INT_CONVERSION = YES;
				CLANG_WARN_OBJC_ROOT_CLASS = YES_ERROR;
				CLANG_WARN_SUSPICIOUS_MOVE = YES;
				CLANG_WARN_UNREACHABLE_CODE = YES;
				CLANG_WARN__DUPLICATE_METHOD_MATCH = YES;
				"CODE_SIGN_IDENTITY[sdk=iphoneos*]" = "iPhone Developer";
				COPY_PHASE_STRIP = NO;
				DEBUG_INFORMATION_FORMAT = dwarf;
				ENABLE_STRICT_OBJC_MSGSEND = YES;
				ENABLE_TESTABILITY = YES;
				GCC_C_LANGUAGE_STANDARD = gnu99;
				GCC_DYNAMIC_NO_PIC = NO;
				GCC_NO_COMMON_BLOCKS = YES;
				GCC_OPTIMIZATION_LEVEL = 0;
				GCC_PREPROCESSOR_DEFINITIONS = (
					"DEBUG=1",
					"$(inherited)",
				);
				GCC_WARN_64_TO_32_BIT_CONVERSION = YES;
				GCC_WARN_ABOUT_RETURN_TYPE = YES_ERROR;
				GCC_WARN_UNDECLARED_SELECTOR = YES;
				GCC_WARN_UNINITIALIZED_AUTOS = YES_AGGRESSIVE;
				GCC_WARN_UNUSED_FUNCTION = YES;
				GCC_WARN_UNUSED_VARIABLE = YES;
				IPHONEOS_DEPLOYMENT_TARGET = 10.3;
				MTL_ENABLE_DEBUG_INFO = YES;
				ONLY_ACTIVE_ARCH = YES;
				SDKROOT = iphoneos;
				TARGETED_DEVICE_FAMILY = "1,2";
			};
			name = Debug;
		};
		84C7DA2F1F45868D0016EE57 /* Release */ = {
			isa = XCBuildConfiguration;
			buildSettings = {
				ALWAYS_SEARCH_USER_PATHS = NO;
				CLANG_ANALYZER_NONNULL = YES;
				CLANG_ANALYZER_NUMBER_OBJECT_CONVERSION = YES_AGGRESSIVE;
				CLANG_CXX_LANGUAGE_STANDARD = "gnu++0x";
				CLANG_CXX_LIBRARY = "libc++";
				CLANG_ENABLE_MODULES = YES;
				CLANG_ENABLE_OBJC_ARC = YES;
				CLANG_WARN_BOOL_CONVERSION = YES;
				CLANG_WARN_CONSTANT_CONVERSION = YES;
				CLANG_WARN_DIRECT_OBJC_ISA_USAGE = YES_ERROR;
				CLANG_WARN_DOCUMENTATION_COMMENTS = YES;
				CLANG_WARN_EMPTY_BODY = YES;
				CLANG_WARN_ENUM_CONVERSION = YES;
				CLANG_WARN_INFINITE_RECURSION = YES;
				CLANG_WARN_INT_CONVERSION = YES;
				CLANG_WARN_OBJC_ROOT_CLASS = YES_ERROR;
				CLANG_WARN_SUSPICIOUS_MOVE = YES;
				CLANG_WARN_UNREACHABLE_CODE = YES;
				CLANG_WARN__DUPLICATE_METHOD_MATCH = YES;
				"CODE_SIGN_IDENTITY[sdk=iphoneos*]" = "iPhone Developer";
				COPY_PHASE_STRIP = NO;
				DEBUG_INFORMATION_FORMAT = "dwarf-with-dsym";
				ENABLE_NS_ASSERTIONS = NO;
				ENABLE_STRICT_OBJC_MSGSEND = YES;
				GCC_C_LANGUAGE_STANDARD = gnu99;
				GCC_NO_COMMON_BLOCKS = YES;
				GCC_WARN_64_TO_32_BIT_CONVERSION = YES;
				GCC_WARN_ABOUT_RETURN_TYPE = YES_ERROR;
				GCC_WARN_UNDECLARED_SELECTOR = YES;
				GCC_WARN_UNINITIALIZED_AUTOS = YES_AGGRESSIVE;
				GCC_WARN_UNUSED_FUNCTION = YES;
				GCC_WARN_UNUSED_VARIABLE = YES;
				IPHONEOS_DEPLOYMENT_TARGET = 10.3;
				MTL_ENABLE_DEBUG_INFO = NO;
				SDKROOT = iphoneos;
				TARGETED_DEVICE_FAMILY = "1,2";
				VALIDATE_PRODUCT = YES;
			};
			name = Release;
		};
		84C7DA311F45868D0016EE57 /* Debug */ = {
			isa = XCBuildConfiguration;
			baseConfigurationReference = 69B7DC7CFDE7B23876E23486 /* Pods-WKSimpleButtonDemo.debug.xcconfig */;
			buildSettings = {
				ALWAYS_SEARCH_USER_PATHS = YES;
				ASSETCATALOG_COMPILER_APPICON_NAME = AppIcon;
				DEVELOPMENT_TEAM = GWCP73NNJ9;
				HEADER_SEARCH_PATHS = "$(PROJECT_DIR)";
				INFOPLIST_FILE = WKSimpleButtonDemo/Info.plist;
				LD_RUNPATH_SEARCH_PATHS = "$(inherited) @executable_path/Frameworks";
				PRODUCT_BUNDLE_IDENTIFIER = OComme.WKSimpleButtonDemo;
				PRODUCT_NAME = "$(TARGET_NAME)";
			};
			name = Debug;
		};
		84C7DA321F45868D0016EE57 /* Release */ = {
			isa = XCBuildConfiguration;
			baseConfigurationReference = 6825B67DDD436C0BFF068F7B /* Pods-WKSimpleButtonDemo.release.xcconfig */;
			buildSettings = {
				ALWAYS_SEARCH_USER_PATHS = YES;
				ASSETCATALOG_COMPILER_APPICON_NAME = AppIcon;
				DEVELOPMENT_TEAM = GWCP73NNJ9;
				HEADER_SEARCH_PATHS = "$(PROJECT_DIR)";
				INFOPLIST_FILE = WKSimpleButtonDemo/Info.plist;
				LD_RUNPATH_SEARCH_PATHS = "$(inherited) @executable_path/Frameworks";
				PRODUCT_BUNDLE_IDENTIFIER = OComme.WKSimpleButtonDemo;
				PRODUCT_NAME = "$(TARGET_NAME)";
			};
			name = Release;
		};
/* End XCBuildConfiguration section */

/* Begin XCConfigurationList section */
		84C7DA141F45868D0016EE57 /* Build configuration list for PBXProject "WKSimpleButtonDemo" */ = {
			isa = XCConfigurationList;
			buildConfigurations = (
				84C7DA2E1F45868D0016EE57 /* Debug */,
				84C7DA2F1F45868D0016EE57 /* Release */,
			);
			defaultConfigurationIsVisible = 0;
			defaultConfigurationName = Release;
		};
		84C7DA301F45868D0016EE57 /* Build configuration list for PBXNativeTarget "WKSimpleButtonDemo" */ = {
			isa = XCConfigurationList;
			buildConfigurations = (
				84C7DA311F45868D0016EE57 /* Debug */,
				84C7DA321F45868D0016EE57 /* Release */,
			);
			defaultConfigurationIsVisible = 0;
			defaultConfigurationName = Release;
		};
/* End XCConfigurationList section */
	};
	rootObject = 84C7DA111F45868D0016EE57 /* Project object */;
}
